// !$*UTF8*$!
{
	archiveVersion = 1;
	classes = {
	};
	objectVersion = 50;
	objects = {

/* Begin PBXBuildFile section */
		112BC6D925591D71005FF108 /* AppDelegate.swift in Sources */ = {isa = PBXBuildFile; fileRef = 112BC6D825591D71005FF108 /* AppDelegate.swift */; };
		112BC6DB25591D71005FF108 /* SceneDelegate.swift in Sources */ = {isa = PBXBuildFile; fileRef = 112BC6DA25591D71005FF108 /* SceneDelegate.swift */; };
		112BC6DD25591D71005FF108 /* ViewController.swift in Sources */ = {isa = PBXBuildFile; fileRef = 112BC6DC25591D71005FF108 /* ViewController.swift */; };
		112BC6E025591D71005FF108 /* Main.storyboard in Resources */ = {isa = PBXBuildFile; fileRef = 112BC6DE25591D71005FF108 /* Main.storyboard */; };
		112BC6E225591D73005FF108 /* Assets.xcassets in Resources */ = {isa = PBXBuildFile; fileRef = 112BC6E125591D73005FF108 /* Assets.xcassets */; };
		112BC6E525591D73005FF108 /* LaunchScreen.storyboard in Resources */ = {isa = PBXBuildFile; fileRef = 112BC6E325591D73005FF108 /* LaunchScreen.storyboard */; };
/* End PBXBuildFile section */

/* Begin PBXFileReference section */
		112BC6D525591D71005FF108 /* Translator_AlexanderHa.app */ = {isa = PBXFileReference; explicitFileType = wrapper.application; includeInIndex = 0; path = Translator_AlexanderHa.app; sourceTree = BUILT_PRODUCTS_DIR; };
		112BC6D825591D71005FF108 /* AppDelegate.swift */ = {isa = PBXFileReference; lastKnownFileType = sourcecode.swift; path = AppDelegate.swift; sourceTree = "<group>"; };
		112BC6DA25591D71005FF108 /* SceneDelegate.swift */ = {isa = PBXFileReference; lastKnownFileType = sourcecode.swift; path = SceneDelegate.swift; sourceTree = "<group>"; };
		112BC6DC25591D71005FF108 /* ViewController.swift */ = {isa = PBXFileReference; lastKnownFileType = sourcecode.swift; path = ViewController.swift; sourceTree = "<group>"; };
		112BC6DF25591D71005FF108 /* Base */ = {isa = PBXFileReference; lastKnownFileType = file.storyboard; name = Base; path = Base.lproj/Main.storyboard; sourceTree = "<group>"; };
		112BC6E125591D73005FF108 /* Assets.xcassets */ = {isa = PBXFileReference; lastKnownFileType = folder.assetcatalog; path = Assets.xcassets; sourceTree = "<group>"; };
		112BC6E425591D73005FF108 /* Base */ = {isa = PBXFileReference; lastKnownFileType = file.storyboard; name = Base; path = Base.lproj/LaunchScreen.storyboard; sourceTree = "<group>"; };
		112BC6E625591D73005FF108 /* Info.plist */ = {isa = PBXFileReference; lastKnownFileType = text.plist.xml; path = Info.plist; sourceTree = "<group>"; };
/* End PBXFileReference section */

/* Begin PBXFrameworksBuildPhase section */
		112BC6D225591D71005FF108 /* Frameworks */ = {
			isa = PBXFrameworksBuildPhase;
			buildActionMask = 2147483647;
			files = (
			);
			runOnlyForDeploymentPostprocessing = 0;
		};
/* End PBXFrameworksBuildPhase section */

/* Begin PBXGroup section */
		112BC6CC25591D71005FF108 = {
			isa = PBXGroup;
			children = (
				112BC6D725591D71005FF108 /* Translator_AlexanderHa */,
				112BC6D625591D71005FF108 /* Products */,
			);
			sourceTree = "<group>";
		};
		112BC6D625591D71005FF108 /* Products */ = {
			isa = PBXGroup;
			children = (
				112BC6D525591D71005FF108 /* Translator_AlexanderHa.app */,
			);
			name = Products;
			sourceTree = "<group>";
		};
		112BC6D725591D71005FF108 /* Translator_AlexanderHa */ = {
			isa = PBXGroup;
			children = (
				112BC6D825591D71005FF108 /* AppDelegate.swift */,
				112BC6DA25591D71005FF108 /* SceneDelegate.swift */,
				112BC6DC25591D71005FF108 /* ViewController.swift */,
				112BC6DE25591D71005FF108 /* Main.storyboard */,
				112BC6E125591D73005FF108 /* Assets.xcassets */,
				112BC6E325591D73005FF108 /* LaunchScreen.storyboard */,
				112BC6E625591D73005FF108 /* Info.plist */,
			);
			path = Translator_AlexanderHa;
			sourceTree = "<group>";
		};
/* End PBXGroup section */

/* Begin PBXNativeTarget section */
		112BC6D425591D71005FF108 /* Translator_AlexanderHa */ = {
			isa = PBXNativeTarget;
			buildConfigurationList = 112BC6E925591D73005FF108 /* Build configuration list for PBXNativeTarget "Translator_AlexanderHa" */;
			buildPhases = (
				112BC6D125591D71005FF108 /* Sources */,
				112BC6D225591D71005FF108 /* Frameworks */,
				112BC6D325591D71005FF108 /* Resources */,
			);
			buildRules = (
			);
			dependencies = (
			);
			name = Translator_AlexanderHa;
			productName = Translator_AlexanderHa;
			productReference = 112BC6D525591D71005FF108 /* Translator_AlexanderHa.app */;
			productType = "com.apple.product-type.application";
		};
/* End PBXNativeTarget section */

/* Begin PBXProject section */
		112BC6CD25591D71005FF108 /* Project object */ = {
			isa = PBXProject;
			attributes = {
				LastSwiftUpdateCheck = 1160;
				LastUpgradeCheck = 1160;
				ORGANIZATIONNAME = "Alexander Ha";
				TargetAttributes = {
					112BC6D425591D71005FF108 = {
						CreatedOnToolsVersion = 11.6;
					};
				};
			};
			buildConfigurationList = 112BC6D025591D71005FF108 /* Build configuration list for PBXProject "Translator_AlexanderHa" */;
			compatibilityVersion = "Xcode 9.3";
			developmentRegion = en;
			hasScannedForEncodings = 0;
			knownRegions = (
				en,
				Base,
			);
			mainGroup = 112BC6CC25591D71005FF108;
			productRefGroup = 112BC6D625591D71005FF108 /* Products */;
			projectDirPath = "";
			projectRoot = "";
			targets = (
				112BC6D425591D71005FF108 /* Translator_AlexanderHa */,
			);
		};
/* End PBXProject section */

/* Begin PBXResourcesBuildPhase section */
		112BC6D325591D71005FF108 /* Resources */ = {
			isa = PBXResourcesBuildPhase;
			buildActionMask = 2147483647;
			files = (
				112BC6E525591D73005FF108 /* LaunchScreen.storyboard in Resources */,
				112BC6E225591D73005FF108 /* Assets.xcassets in Resources */,
				112BC6E025591D71005FF108 /* Main.storyboard in Resources */,
			);
			runOnlyForDeploymentPostprocessing = 0;
		};
/* End PBXResourcesBuildPhase section */

/* Begin PBXSourcesBuildPhase section */
		112BC6D125591D71005FF108 /* Sources */ = {
			isa = PBXSourcesBuildPhase;
			buildActionMask = 2147483647;
			files = (
				112BC6DD25591D71005FF108 /* ViewController.swift in Sources */,
				112BC6D925591D71005FF108 /* AppDelegate.swift in Sources */,
				112BC6DB25591D71005FF108 /* SceneDelegate.swift in Sources */,
			);
			runOnlyForDeploymentPostprocessing = 0;
		};
/* End PBXSourcesBuildPhase section */

/* Begin PBXVariantGroup section */
		112BC6DE25591D71005FF108 /* Main.storyboard */ = {
			isa = PBXVariantGroup;
			children = (
				112BC6DF25591D71005FF108 /* Base */,
			);
			name = Main.storyboard;
			sourceTree = "<group>";
		};
		112BC6E325591D73005FF108 /* LaunchScreen.storyboard */ = {
			isa = PBXVariantGroup;
			children = (
				112BC6E425591D73005FF108 /* Base */,
			);
			name = LaunchScreen.storyboard;
			sourceTree = "<group>";
		};
/* End PBXVariantGroup section */

/* Begin XCBuildConfiguration section */
		112BC6E725591D73005FF108 /* Debug */ = {
			isa = XCBuildConfiguration;
			buildSettings = {
				ALWAYS_SEARCH_USER_PATHS = NO;
				CLANG_ANALYZER_NONNULL = YES;
				CLANG_ANALYZER_NUMBER_OBJECT_CONVERSION = YES_AGGRESSIVE;
				CLANG_CXX_LANGUAGE_STANDARD = "gnu++14";
				CLANG_CXX_LIBRARY = "libc++";
				CLANG_ENABLE_MODULES = YES;
				CLANG_ENABLE_OBJC_ARC = YES;
				CLANG_ENABLE_OBJC_WEAK = YES;
				CLANG_WARN_BLOCK_CAPTURE_AUTORELEASING = YES;
				CLANG_WARN_BOOL_CONVERSION = YES;
				CLANG_WARN_COMMA = YES;
				CLANG_WARN_CONSTANT_CONVERSION = YES;
				CLANG_WARN_DEPRECATED_OBJC_IMPLEMENTATIONS = YES;
				CLANG_WARN_DIRECT_OBJC_ISA_USAGE = YES_ERROR;
				CLANG_WARN_DOCUMENTATION_COMMENTS = YES;
				CLANG_WARN_EMPTY_BODY = YES;
				CLANG_WARN_ENUM_CONVERSION = YES;
				CLANG_WARN_INFINITE_RECURSION = YES;
				CLANG_WARN_INT_CONVERSION = YES;
				CLANG_WARN_NON_LITERAL_NULL_CONVERSION = YES;
				CLANG_WARN_OBJC_IMPLICIT_RETAIN_SELF = YES;
				CLANG_WARN_OBJC_LITERAL_CONVERSION = YES;
				CLANG_WARN_OBJC_ROOT_CLASS = YES_ERROR;
				CLANG_WARN_RANGE_LOOP_ANALYSIS = YES;
				CLANG_WARN_STRICT_PROTOTYPES = YES;
				CLANG_WARN_SUSPICIOUS_MOVE = YES;
				CLANG_WARN_UNGUARDED_AVAILABILITY = YES_AGGRESSIVE;
				CLANG_WARN_UNREACHABLE_CODE = YES;
				CLANG_WARN__DUPLICATE_METHOD_MATCH = YES;
				COPY_PHASE_STRIP = NO;
				DEBUG_INFORMATION_FORMAT = dwarf;
				ENABLE_STRICT_OBJC_MSGSEND = YES;
				ENABLE_TESTABILITY = YES;
				GCC_C_LANGUAGE_STANDARD = gnu11;
				GCC_DYNAMIC_NO_PIC = NO;
				GCC_NO_COMMON_BLOCKS = YES;
				GCC_OPTIMIZATION_LEVEL = 0;
				GCC_PREPROCESSOR_DEFINITIONS = (
					"DEBUG=1",
					"$(inherited)",
				);
				GCC_WARN_64_TO_32_BIT_CONVERSION = YES;
				GCC_WARN_ABOUT_RETURN_TYPE = YES_ERROR;
				GCC_WARN_UNDECLARED_SELECTOR = YES;
				GCC_WARN_UNINITIALIZED_AUTOS = YES_AGGRESSIVE;
				GCC_WARN_UNUSED_FUNCTION = YES;
				GCC_WARN_UNUSED_VARIABLE = YES;
				IPHONEOS_DEPLOYMENT_TARGET = 13.6;
				MTL_ENABLE_DEBUG_INFO = INCLUDE_SOURCE;
				MTL_FAST_MATH = YES;
				ONLY_ACTIVE_ARCH = YES;
				SDKROOT = iphoneos;
				SWIFT_ACTIVE_COMPILATION_CONDITIONS = DEBUG;
				SWIFT_OPTIMIZATION_LEVEL = "-Onone";
			};
			name = Debug;
		};
		112BC6E825591D73005FF108 /* Release */ = {
			isa = XCBuildConfiguration;
			buildSettings = {
				ALWAYS_SEARCH_USER_PATHS = NO;
				CLANG_ANALYZER_NONNULL = YES;
				CLANG_ANALYZER_NUMBER_OBJECT_CONVERSION = YES_AGGRESSIVE;
				CLANG_CXX_LANGUAGE_STANDARD = "gnu++14";
				CLANG_CXX_LIBRARY = "libc++";
				CLANG_ENABLE_MODULES = YES;
				CLANG_ENABLE_OBJC_ARC = YES;
				CLANG_ENABLE_OBJC_WEAK = YES;
				CLANG_WARN_BLOCK_CAPTURE_AUTORELEASING = YES;
				CLANG_WARN_BOOL_CONVERSION = YES;
				CLANG_WARN_COMMA = YES;
				CLANG_WARN_CONSTANT_CONVERSION = YES;
				CLANG_WARN_DEPRECATED_OBJC_IMPLEMENTATIONS = YES;
				CLANG_WARN_DIRECT_OBJC_ISA_USAGE = YES_ERROR;
				CLANG_WARN_DOCUMENTATION_COMMENTS = YES;
				CLANG_WARN_EMPTY_BODY = YES;
				CLANG_WARN_ENUM_CONVERSION = YES;
				CLANG_WARN_INFINITE_RECURSION = YES;
				CLANG_WARN_INT_CONVERSION = YES;
				CLANG_WARN_NON_LITERAL_NULL_CONVERSION = YES;
				CLANG_WARN_OBJC_IMPLICIT_RETAIN_SELF = YES;
				CLANG_WARN_OBJC_LITERAL_CONVERSION = YES;
				CLANG_WARN_OBJC_ROOT_CLASS = YES_ERROR;
				CLANG_WARN_RANGE_LOOP_ANALYSIS = YES;
				CLANG_WARN_STRICT_PROTOTYPES = YES;
				CLANG_WARN_SUSPICIOUS_MOVE = YES;
				CLANG_WARN_UNGUARDED_AVAILABILITY = YES_AGGRESSIVE;
				CLANG_WARN_UNREACHABLE_CODE = YES;
				CLANG_WARN__DUPLICATE_METHOD_MATCH = YES;
				COPY_PHASE_STRIP = NO;
				DEBUG_INFORMATION_FORMAT = "dwarf-with-dsym";
				ENABLE_NS_ASSERTIONS = NO;
				ENABLE_STRICT_OBJC_MSGSEND = YES;
				GCC_C_LANGUAGE_STANDARD = gnu11;
				GCC_NO_COMMON_BLOCKS = YES;
				GCC_WARN_64_TO_32_BIT_CONVERSION = YES;
				GCC_WARN_ABOUT_RETURN_TYPE = YES_ERROR;
				GCC_WARN_UNDECLARED_SELECTOR = YES;
				GCC_WARN_UNINITIALIZED_AUTOS = YES_AGGRESSIVE;
				GCC_WARN_UNUSED_FUNCTION = YES;
				GCC_WARN_UNUSED_VARIABLE = YES;
				IPHONEOS_DEPLOYMENT_TARGET = 13.6;
				MTL_ENABLE_DEBUG_INFO = NO;
				MTL_FAST_MATH = YES;
				SDKROOT = iphoneos;
				SWIFT_COMPILATION_MODE = wholemodule;
				SWIFT_OPTIMIZATION_LEVEL = "-O";
				VALIDATE_PRODUCT = YES;
			};
			name = Release;
		};
		112BC6EA25591D73005FF108 /* Debug */ = {
			isa = XCBuildConfiguration;
			buildSettings = {
				ASSETCATALOG_COMPILER_APPICON_NAME = AppIcon;
				CODE_SIGN_STYLE = Automatic;
				DEVELOPMENT_TEAM = 584W76NDBF;
				INFOPLIST_FILE = Translator_AlexanderHa/Info.plist;
				LD_RUNPATH_SEARCH_PATHS = (
					"$(inherited)",
					"@executable_path/Frameworks",
				);
				PRODUCT_BUNDLE_IDENTIFIER = "co.AlexanderHa.Translator-AlexanderHa";
				PRODUCT_NAME = "$(TARGET_NAME)";
				SWIFT_VERSION = 5.0;
				TARGETED_DEVICE_FAMILY = "1,2";
			};
			name = Debug;
		};
		112BC6EB25591D73005FF108 /* Release */ = {
			isa = XCBuildConfiguration;
			buildSettings = {
				ASSETCATALOG_COMPILER_APPICON_NAME = AppIcon;
				CODE_SIGN_STYLE = Automatic;
				DEVELOPMENT_TEAM = 584W76NDBF;
				INFOPLIST_FILE = Translator_AlexanderHa/Info.plist;
				LD_RUNPATH_SEARCH_PATHS = (
					"$(inherited)",
					"@executable_path/Frameworks",
				);
				PRODUCT_BUNDLE_IDENTIFIER = "co.AlexanderHa.Translator-AlexanderHa";
				PRODUCT_NAME = "$(TARGET_NAME)";
				SWIFT_VERSION = 5.0;
				TARGETED_DEVICE_FAMILY = "1,2";
			};
			name = Release;
		};
/* End XCBuildConfiguration section */

/* Begin XCConfigurationList section */
		112BC6D025591D71005FF108 /* Build configuration list for PBXProject "Translator_AlexanderHa" */ = {
			isa = XCConfigurationList;
			buildConfigurations = (
				112BC6E725591D73005FF108 /* Debug */,
				112BC6E825591D73005FF108 /* Release */,
			);
			defaultConfigurationIsVisible = 0;
			defaultConfigurationName = Release;
		};
		112BC6E925591D73005FF108 /* Build configuration list for PBXNativeTarget "Translator_AlexanderHa" */ = {
			isa = XCConfigurationList;
			buildConfigurations = (
				112BC6EA25591D73005FF108 /* Debug */,
				112BC6EB25591D73005FF108 /* Release */,
			);
			defaultConfigurationIsVisible = 0;
			defaultConfigurationName = Release;
		};
/* End XCConfigurationList section */
	};
	rootObject = 112BC6CD25591D71005FF108 /* Project object */;
}
